{
  "requires": true,
  "lockfileVersion": 1,
  "dependencies": {
    "html5shiv": {
      "version": "3.7.3",
      "resolved": "https://registry.npmjs.org/html5shiv/-/html5shiv-3.7.3.tgz",
      "integrity": "sha1-14qEo2e8uacQEA1XgCw4ewhGMdI="
    },
    "selectivizr": {
      "version": "1.0.3",
      "resolved": "https://registry.npmjs.org/selectivizr/-/selectivizr-1.0.3.tgz",
      "integrity": "sha1-o46GCJ8L+gnyrh1O0pzdx758T24="
    }
  }
}
